// !$*UTF8*$!
{
	archiveVersion = 1;
	classes = {
	};
	objectVersion = 56;
	objects = {

/* Begin PBXBuildFile section */
		CE1C40352A4B352400DB9A47 /* AppDelegate.swift in Sources */ = {isa = PBXBuildFile; fileRef = CE1C40342A4B352400DB9A47 /* AppDelegate.swift */; };
		CE1C40372A4B352400DB9A47 /* SceneDelegate.swift in Sources */ = {isa = PBXBuildFile; fileRef = CE1C40362A4B352400DB9A47 /* SceneDelegate.swift */; };
		CE1C40392A4B352400DB9A47 /* MainViewController.swift in Sources */ = {isa = PBXBuildFile; fileRef = CE1C40382A4B352400DB9A47 /* MainViewController.swift */; };
		CE1C403C2A4B352400DB9A47 /* Main.storyboard in Resources */ = {isa = PBXBuildFile; fileRef = CE1C403A2A4B352400DB9A47 /* Main.storyboard */; };
		CE1C403E2A4B352600DB9A47 /* Assets.xcassets in Resources */ = {isa = PBXBuildFile; fileRef = CE1C403D2A4B352600DB9A47 /* Assets.xcassets */; };
		CE1C40412A4B352600DB9A47 /* LaunchScreen.storyboard in Resources */ = {isa = PBXBuildFile; fileRef = CE1C403F2A4B352600DB9A47 /* LaunchScreen.storyboard */; };
		CE1C40542A4B37DC00DB9A47 /* TableViewCustom.swift in Sources */ = {isa = PBXBuildFile; fileRef = CE1C40532A4B37DC00DB9A47 /* TableViewCustom.swift */; };
		CE1C40572A4B43B700DB9A47 /* TableCell.swift in Sources */ = {isa = PBXBuildFile; fileRef = CE1C40562A4B43B700DB9A47 /* TableCell.swift */; };
		CE1C40592A4B4F2500DB9A47 /* MainViewModel.swift in Sources */ = {isa = PBXBuildFile; fileRef = CE1C40582A4B4F2500DB9A47 /* MainViewModel.swift */; };
		CE1C405B2A4B505100DB9A47 /* MainModel.swift in Sources */ = {isa = PBXBuildFile; fileRef = CE1C405A2A4B505100DB9A47 /* MainModel.swift */; };
		CE1C405E2A4B57DA00DB9A47 /* Coordinator.swift in Sources */ = {isa = PBXBuildFile; fileRef = CE1C405D2A4B57DA00DB9A47 /* Coordinator.swift */; };
		CE7893172A4C470900D9E07A /* TabBarController.swift in Sources */ = {isa = PBXBuildFile; fileRef = CE7893162A4C470900D9E07A /* TabBarController.swift */; };
		CE78931D2A4C96CA00D9E07A /* DishModel.swift in Sources */ = {isa = PBXBuildFile; fileRef = CE78931C2A4C96CA00D9E07A /* DishModel.swift */; };
		CE78931F2A4C96F700D9E07A /* DishViewController.swift in Sources */ = {isa = PBXBuildFile; fileRef = CE78931E2A4C96F700D9E07A /* DishViewController.swift */; };
		CE7893212A4C971C00D9E07A /* DishViewModel.swift in Sources */ = {isa = PBXBuildFile; fileRef = CE7893202A4C971C00D9E07A /* DishViewModel.swift */; };
/* End PBXBuildFile section */

/* Begin PBXFileReference section */
		CE1C40312A4B352400DB9A47 /* TestProject.app */ = {isa = PBXFileReference; explicitFileType = wrapper.application; includeInIndex = 0; path = TestProject.app; sourceTree = BUILT_PRODUCTS_DIR; };
		CE1C40342A4B352400DB9A47 /* AppDelegate.swift */ = {isa = PBXFileReference; lastKnownFileType = sourcecode.swift; path = AppDelegate.swift; sourceTree = "<group>"; };
		CE1C40362A4B352400DB9A47 /* SceneDelegate.swift */ = {isa = PBXFileReference; lastKnownFileType = sourcecode.swift; path = SceneDelegate.swift; sourceTree = "<group>"; };
		CE1C40382A4B352400DB9A47 /* MainViewController.swift */ = {isa = PBXFileReference; lastKnownFileType = sourcecode.swift; path = MainViewController.swift; sourceTree = "<group>"; };
		CE1C403B2A4B352400DB9A47 /* Base */ = {isa = PBXFileReference; lastKnownFileType = file.storyboard; name = Base; path = Base.lproj/Main.storyboard; sourceTree = "<group>"; };
		CE1C403D2A4B352600DB9A47 /* Assets.xcassets */ = {isa = PBXFileReference; lastKnownFileType = folder.assetcatalog; path = Assets.xcassets; sourceTree = "<group>"; };
		CE1C40402A4B352600DB9A47 /* Base */ = {isa = PBXFileReference; lastKnownFileType = file.storyboard; name = Base; path = Base.lproj/LaunchScreen.storyboard; sourceTree = "<group>"; };
		CE1C40422A4B352600DB9A47 /* Info.plist */ = {isa = PBXFileReference; lastKnownFileType = text.plist.xml; path = Info.plist; sourceTree = "<group>"; };
		CE1C40532A4B37DC00DB9A47 /* TableViewCustom.swift */ = {isa = PBXFileReference; lastKnownFileType = sourcecode.swift; path = TableViewCustom.swift; sourceTree = "<group>"; };
		CE1C40562A4B43B700DB9A47 /* TableCell.swift */ = {isa = PBXFileReference; lastKnownFileType = sourcecode.swift; path = TableCell.swift; sourceTree = "<group>"; };
		CE1C40582A4B4F2500DB9A47 /* MainViewModel.swift */ = {isa = PBXFileReference; lastKnownFileType = sourcecode.swift; path = MainViewModel.swift; sourceTree = "<group>"; };
		CE1C405A2A4B505100DB9A47 /* MainModel.swift */ = {isa = PBXFileReference; lastKnownFileType = sourcecode.swift; path = MainModel.swift; sourceTree = "<group>"; };
		CE1C405D2A4B57DA00DB9A47 /* Coordinator.swift */ = {isa = PBXFileReference; lastKnownFileType = sourcecode.swift; path = Coordinator.swift; sourceTree = "<group>"; };
		CE7893162A4C470900D9E07A /* TabBarController.swift */ = {isa = PBXFileReference; lastKnownFileType = sourcecode.swift; path = TabBarController.swift; sourceTree = "<group>"; };
		CE78931C2A4C96CA00D9E07A /* DishModel.swift */ = {isa = PBXFileReference; lastKnownFileType = sourcecode.swift; path = DishModel.swift; sourceTree = "<group>"; };
		CE78931E2A4C96F700D9E07A /* DishViewController.swift */ = {isa = PBXFileReference; lastKnownFileType = sourcecode.swift; path = DishViewController.swift; sourceTree = "<group>"; };
		CE7893202A4C971C00D9E07A /* DishViewModel.swift */ = {isa = PBXFileReference; lastKnownFileType = sourcecode.swift; path = DishViewModel.swift; sourceTree = "<group>"; };
/* End PBXFileReference section */

/* Begin PBXFrameworksBuildPhase section */
		CE1C402E2A4B352400DB9A47 /* Frameworks */ = {
			isa = PBXFrameworksBuildPhase;
			buildActionMask = 2147483647;
			files = (
			);
			runOnlyForDeploymentPostprocessing = 0;
		};
/* End PBXFrameworksBuildPhase section */

/* Begin PBXGroup section */
		CE1C40282A4B352400DB9A47 = {
			isa = PBXGroup;
			children = (
				CE1C40332A4B352400DB9A47 /* TestProject */,
				CE1C40322A4B352400DB9A47 /* Products */,
			);
			sourceTree = "<group>";
		};
		CE1C40322A4B352400DB9A47 /* Products */ = {
			isa = PBXGroup;
			children = (
				CE1C40312A4B352400DB9A47 /* TestProject.app */,
			);
			name = Products;
			sourceTree = "<group>";
		};
		CE1C40332A4B352400DB9A47 /* TestProject */ = {
			isa = PBXGroup;
			children = (
				CE1C40342A4B352400DB9A47 /* AppDelegate.swift */,
				CE1C40362A4B352400DB9A47 /* SceneDelegate.swift */,
				CE7893152A4C46C900D9E07A /* TabBar */,
				CE1C405C2A4B57C300DB9A47 /* Coordinator */,
				CE1C40512A4B368800DB9A47 /* MainModule */,
				CE7893182A4C962700D9E07A /* DetailModule */,
				CE1C40422A4B352600DB9A47 /* Info.plist */,
			);
			path = TestProject;
			sourceTree = "<group>";
		};
		CE1C404E2A4B363E00DB9A47 /* Model */ = {
			isa = PBXGroup;
			children = (
				CE1C405A2A4B505100DB9A47 /* MainModel.swift */,
			);
			path = Model;
			sourceTree = "<group>";
		};
		CE1C404F2A4B364E00DB9A47 /* View */ = {
			isa = PBXGroup;
			children = (
				CE1C40522A4B377B00DB9A47 /* TableViewCustom */,
				CE1C403D2A4B352600DB9A47 /* Assets.xcassets */,
				CE1C40382A4B352400DB9A47 /* MainViewController.swift */,
				CE1C403F2A4B352600DB9A47 /* LaunchScreen.storyboard */,
				CE1C403A2A4B352400DB9A47 /* Main.storyboard */,
			);
			path = View;
			sourceTree = "<group>";
		};
		CE1C40502A4B367A00DB9A47 /* ViewModel */ = {
			isa = PBXGroup;
			children = (
				CE1C40582A4B4F2500DB9A47 /* MainViewModel.swift */,
			);
			path = ViewModel;
			sourceTree = "<group>";
		};
		CE1C40512A4B368800DB9A47 /* MainModule */ = {
			isa = PBXGroup;
			children = (
				CE1C404E2A4B363E00DB9A47 /* Model */,
				CE1C404F2A4B364E00DB9A47 /* View */,
				CE1C40502A4B367A00DB9A47 /* ViewModel */,
			);
			path = MainModule;
			sourceTree = "<group>";
		};
		CE1C40522A4B377B00DB9A47 /* TableViewCustom */ = {
			isa = PBXGroup;
			children = (
				CE1C40532A4B37DC00DB9A47 /* TableViewCustom.swift */,
				CE1C40552A4B436000DB9A47 /* Cells */,
			);
			path = TableViewCustom;
			sourceTree = "<group>";
		};
		CE1C40552A4B436000DB9A47 /* Cells */ = {
			isa = PBXGroup;
			children = (
				CE1C40562A4B43B700DB9A47 /* TableCell.swift */,
			);
			path = Cells;
			sourceTree = "<group>";
		};
		CE1C405C2A4B57C300DB9A47 /* Coordinator */ = {
			isa = PBXGroup;
			children = (
				CE1C405D2A4B57DA00DB9A47 /* Coordinator.swift */,
			);
			path = Coordinator;
			sourceTree = "<group>";
		};
		CE7893152A4C46C900D9E07A /* TabBar */ = {
			isa = PBXGroup;
			children = (
				CE7893162A4C470900D9E07A /* TabBarController.swift */,
			);
			path = TabBar;
			sourceTree = "<group>";
		};
		CE7893182A4C962700D9E07A /* DetailModule */ = {
			isa = PBXGroup;
			children = (
				CE7893192A4C964500D9E07A /* Model */,
				CE78931A2A4C965A00D9E07A /* View */,
				CE78931B2A4C966400D9E07A /* ViewModel */,
			);
			path = DetailModule;
			sourceTree = "<group>";
		};
		CE7893192A4C964500D9E07A /* Model */ = {
			isa = PBXGroup;
			children = (
				CE78931C2A4C96CA00D9E07A /* DishModel.swift */,
			);
			path = Model;
			sourceTree = "<group>";
		};
		CE78931A2A4C965A00D9E07A /* View */ = {
			isa = PBXGroup;
			children = (
				CE78931E2A4C96F700D9E07A /* DishViewController.swift */,
			);
			path = View;
			sourceTree = "<group>";
		};
		CE78931B2A4C966400D9E07A /* ViewModel */ = {
			isa = PBXGroup;
			children = (
				CE7893202A4C971C00D9E07A /* DishViewModel.swift */,
			);
			path = ViewModel;
			sourceTree = "<group>";
		};
/* End PBXGroup section */

/* Begin PBXNativeTarget section */
		CE1C40302A4B352400DB9A47 /* TestProject */ = {
			isa = PBXNativeTarget;
			buildConfigurationList = CE1C40452A4B352600DB9A47 /* Build configuration list for PBXNativeTarget "TestProject" */;
			buildPhases = (
				CE1C402D2A4B352400DB9A47 /* Sources */,
				CE1C402E2A4B352400DB9A47 /* Frameworks */,
				CE1C402F2A4B352400DB9A47 /* Resources */,
			);
			buildRules = (
			);
			dependencies = (
			);
			name = TestProject;
			productName = TestProject;
			productReference = CE1C40312A4B352400DB9A47 /* TestProject.app */;
			productType = "com.apple.product-type.application";
		};
/* End PBXNativeTarget section */

/* Begin PBXProject section */
		CE1C40292A4B352400DB9A47 /* Project object */ = {
			isa = PBXProject;
			attributes = {
				BuildIndependentTargetsInParallel = 1;
				LastSwiftUpdateCheck = 1430;
				LastUpgradeCheck = 1430;
				TargetAttributes = {
					CE1C40302A4B352400DB9A47 = {
						CreatedOnToolsVersion = 14.3.1;
					};
				};
			};
			buildConfigurationList = CE1C402C2A4B352400DB9A47 /* Build configuration list for PBXProject "TestProject" */;
			compatibilityVersion = "Xcode 14.0";
			developmentRegion = en;
			hasScannedForEncodings = 0;
			knownRegions = (
				en,
				Base,
			);
			mainGroup = CE1C40282A4B352400DB9A47;
			productRefGroup = CE1C40322A4B352400DB9A47 /* Products */;
			projectDirPath = "";
			projectRoot = "";
			targets = (
				CE1C40302A4B352400DB9A47 /* TestProject */,
			);
		};
/* End PBXProject section */

/* Begin PBXResourcesBuildPhase section */
		CE1C402F2A4B352400DB9A47 /* Resources */ = {
			isa = PBXResourcesBuildPhase;
			buildActionMask = 2147483647;
			files = (
				CE1C40412A4B352600DB9A47 /* LaunchScreen.storyboard in Resources */,
				CE1C403E2A4B352600DB9A47 /* Assets.xcassets in Resources */,
				CE1C403C2A4B352400DB9A47 /* Main.storyboard in Resources */,
			);
			runOnlyForDeploymentPostprocessing = 0;
		};
/* End PBXResourcesBuildPhase section */

/* Begin PBXSourcesBuildPhase section */
		CE1C402D2A4B352400DB9A47 /* Sources */ = {
			isa = PBXSourcesBuildPhase;
			buildActionMask = 2147483647;
			files = (
				CE1C405E2A4B57DA00DB9A47 /* Coordinator.swift in Sources */,
				CE1C40572A4B43B700DB9A47 /* TableCell.swift in Sources */,
				CE1C40392A4B352400DB9A47 /* MainViewController.swift in Sources */,
				CE7893172A4C470900D9E07A /* TabBarController.swift in Sources */,
				CE1C40352A4B352400DB9A47 /* AppDelegate.swift in Sources */,
				CE1C405B2A4B505100DB9A47 /* MainModel.swift in Sources */,
				CE7893212A4C971C00D9E07A /* DishViewModel.swift in Sources */,
				CE1C40542A4B37DC00DB9A47 /* TableViewCustom.swift in Sources */,
				CE78931F2A4C96F700D9E07A /* DishViewController.swift in Sources */,
				CE78931D2A4C96CA00D9E07A /* DishModel.swift in Sources */,
				CE1C40592A4B4F2500DB9A47 /* MainViewModel.swift in Sources */,
				CE1C40372A4B352400DB9A47 /* SceneDelegate.swift in Sources */,
			);
			runOnlyForDeploymentPostprocessing = 0;
		};
/* End PBXSourcesBuildPhase section */

/* Begin PBXVariantGroup section */
		CE1C403A2A4B352400DB9A47 /* Main.storyboard */ = {
			isa = PBXVariantGroup;
			children = (
				CE1C403B2A4B352400DB9A47 /* Base */,
			);
			name = Main.storyboard;
			sourceTree = "<group>";
		};
		CE1C403F2A4B352600DB9A47 /* LaunchScreen.storyboard */ = {
			isa = PBXVariantGroup;
			children = (
				CE1C40402A4B352600DB9A47 /* Base */,
			);
			name = LaunchScreen.storyboard;
			sourceTree = "<group>";
		};
/* End PBXVariantGroup section */

/* Begin XCBuildConfiguration section */
		CE1C40432A4B352600DB9A47 /* Debug */ = {
			isa = XCBuildConfiguration;
			buildSettings = {
				ALWAYS_SEARCH_USER_PATHS = NO;
				CLANG_ANALYZER_NONNULL = YES;
				CLANG_ANALYZER_NUMBER_OBJECT_CONVERSION = YES_AGGRESSIVE;
				CLANG_CXX_LANGUAGE_STANDARD = "gnu++20";
				CLANG_ENABLE_MODULES = YES;
				CLANG_ENABLE_OBJC_ARC = YES;
				CLANG_ENABLE_OBJC_WEAK = YES;
				CLANG_WARN_BLOCK_CAPTURE_AUTORELEASING = YES;
				CLANG_WARN_BOOL_CONVERSION = YES;
				CLANG_WARN_COMMA = YES;
				CLANG_WARN_CONSTANT_CONVERSION = YES;
				CLANG_WARN_DEPRECATED_OBJC_IMPLEMENTATIONS = YES;
				CLANG_WARN_DIRECT_OBJC_ISA_USAGE = YES_ERROR;
				CLANG_WARN_DOCUMENTATION_COMMENTS = YES;
				CLANG_WARN_EMPTY_BODY = YES;
				CLANG_WARN_ENUM_CONVERSION = YES;
				CLANG_WARN_INFINITE_RECURSION = YES;
				CLANG_WARN_INT_CONVERSION = YES;
				CLANG_WARN_NON_LITERAL_NULL_CONVERSION = YES;
				CLANG_WARN_OBJC_IMPLICIT_RETAIN_SELF = YES;
				CLANG_WARN_OBJC_LITERAL_CONVERSION = YES;
				CLANG_WARN_OBJC_ROOT_CLASS = YES_ERROR;
				CLANG_WARN_QUOTED_INCLUDE_IN_FRAMEWORK_HEADER = YES;
				CLANG_WARN_RANGE_LOOP_ANALYSIS = YES;
				CLANG_WARN_STRICT_PROTOTYPES = YES;
				CLANG_WARN_SUSPICIOUS_MOVE = YES;
				CLANG_WARN_UNGUARDED_AVAILABILITY = YES_AGGRESSIVE;
				CLANG_WARN_UNREACHABLE_CODE = YES;
				CLANG_WARN__DUPLICATE_METHOD_MATCH = YES;
				COPY_PHASE_STRIP = NO;
				DEBUG_INFORMATION_FORMAT = dwarf;
				ENABLE_STRICT_OBJC_MSGSEND = YES;
				ENABLE_TESTABILITY = YES;
				GCC_C_LANGUAGE_STANDARD = gnu11;
				GCC_DYNAMIC_NO_PIC = NO;
				GCC_NO_COMMON_BLOCKS = YES;
				GCC_OPTIMIZATION_LEVEL = 0;
				GCC_PREPROCESSOR_DEFINITIONS = (
					"DEBUG=1",
					"$(inherited)",
				);
				GCC_WARN_64_TO_32_BIT_CONVERSION = YES;
				GCC_WARN_ABOUT_RETURN_TYPE = YES_ERROR;
				GCC_WARN_UNDECLARED_SELECTOR = YES;
				GCC_WARN_UNINITIALIZED_AUTOS = YES_AGGRESSIVE;
				GCC_WARN_UNUSED_FUNCTION = YES;
				GCC_WARN_UNUSED_VARIABLE = YES;
				IPHONEOS_DEPLOYMENT_TARGET = 16.4;
				MTL_ENABLE_DEBUG_INFO = INCLUDE_SOURCE;
				MTL_FAST_MATH = YES;
				ONLY_ACTIVE_ARCH = YES;
				SDKROOT = iphoneos;
				SWIFT_ACTIVE_COMPILATION_CONDITIONS = DEBUG;
				SWIFT_OPTIMIZATION_LEVEL = "-Onone";
			};
			name = Debug;
		};
		CE1C40442A4B352600DB9A47 /* Release */ = {
			isa = XCBuildConfiguration;
			buildSettings = {
				ALWAYS_SEARCH_USER_PATHS = NO;
				CLANG_ANALYZER_NONNULL = YES;
				CLANG_ANALYZER_NUMBER_OBJECT_CONVERSION = YES_AGGRESSIVE;
				CLANG_CXX_LANGUAGE_STANDARD = "gnu++20";
				CLANG_ENABLE_MODULES = YES;
				CLANG_ENABLE_OBJC_ARC = YES;
				CLANG_ENABLE_OBJC_WEAK = YES;
				CLANG_WARN_BLOCK_CAPTURE_AUTORELEASING = YES;
				CLANG_WARN_BOOL_CONVERSION = YES;
				CLANG_WARN_COMMA = YES;
				CLANG_WARN_CONSTANT_CONVERSION = YES;
				CLANG_WARN_DEPRECATED_OBJC_IMPLEMENTATIONS = YES;
				CLANG_WARN_DIRECT_OBJC_ISA_USAGE = YES_ERROR;
				CLANG_WARN_DOCUMENTATION_COMMENTS = YES;
				CLANG_WARN_EMPTY_BODY = YES;
				CLANG_WARN_ENUM_CONVERSION = YES;
				CLANG_WARN_INFINITE_RECURSION = YES;
				CLANG_WARN_INT_CONVERSION = YES;
				CLANG_WARN_NON_LITERAL_NULL_CONVERSION = YES;
				CLANG_WARN_OBJC_IMPLICIT_RETAIN_SELF = YES;
				CLANG_WARN_OBJC_LITERAL_CONVERSION = YES;
				CLANG_WARN_OBJC_ROOT_CLASS = YES_ERROR;
				CLANG_WARN_QUOTED_INCLUDE_IN_FRAMEWORK_HEADER = YES;
				CLANG_WARN_RANGE_LOOP_ANALYSIS = YES;
				CLANG_WARN_STRICT_PROTOTYPES = YES;
				CLANG_WARN_SUSPICIOUS_MOVE = YES;
				CLANG_WARN_UNGUARDED_AVAILABILITY = YES_AGGRESSIVE;
				CLANG_WARN_UNREACHABLE_CODE = YES;
				CLANG_WARN__DUPLICATE_METHOD_MATCH = YES;
				COPY_PHASE_STRIP = NO;
				DEBUG_INFORMATION_FORMAT = "dwarf-with-dsym";
				ENABLE_NS_ASSERTIONS = NO;
				ENABLE_STRICT_OBJC_MSGSEND = YES;
				GCC_C_LANGUAGE_STANDARD = gnu11;
				GCC_NO_COMMON_BLOCKS = YES;
				GCC_WARN_64_TO_32_BIT_CONVERSION = YES;
				GCC_WARN_ABOUT_RETURN_TYPE = YES_ERROR;
				GCC_WARN_UNDECLARED_SELECTOR = YES;
				GCC_WARN_UNINITIALIZED_AUTOS = YES_AGGRESSIVE;
				GCC_WARN_UNUSED_FUNCTION = YES;
				GCC_WARN_UNUSED_VARIABLE = YES;
				IPHONEOS_DEPLOYMENT_TARGET = 16.4;
				MTL_ENABLE_DEBUG_INFO = NO;
				MTL_FAST_MATH = YES;
				SDKROOT = iphoneos;
				SWIFT_COMPILATION_MODE = wholemodule;
				SWIFT_OPTIMIZATION_LEVEL = "-O";
				VALIDATE_PRODUCT = YES;
			};
			name = Release;
		};
		CE1C40462A4B352600DB9A47 /* Debug */ = {
			isa = XCBuildConfiguration;
			buildSettings = {
				ASSETCATALOG_COMPILER_APPICON_NAME = AppIcon;
				ASSETCATALOG_COMPILER_GLOBAL_ACCENT_COLOR_NAME = AccentColor;
				CODE_SIGN_STYLE = Automatic;
				CURRENT_PROJECT_VERSION = 1;
				DEVELOPMENT_TEAM = 33CHCHT3CL;
				GENERATE_INFOPLIST_FILE = YES;
				INFOPLIST_FILE = TestProject/Info.plist;
				INFOPLIST_KEY_UIApplicationSupportsIndirectInputEvents = YES;
				INFOPLIST_KEY_UILaunchStoryboardName = LaunchScreen;
				INFOPLIST_KEY_UIMainStoryboardFile = Main;
				INFOPLIST_KEY_UISupportedInterfaceOrientations_iPad = "UIInterfaceOrientationPortrait UIInterfaceOrientationPortraitUpsideDown UIInterfaceOrientationLandscapeLeft UIInterfaceOrientationLandscapeRight";
				INFOPLIST_KEY_UISupportedInterfaceOrientations_iPhone = "UIInterfaceOrientationPortrait UIInterfaceOrientationLandscapeLeft UIInterfaceOrientationLandscapeRight";
				LD_RUNPATH_SEARCH_PATHS = (
					"$(inherited)",
					"@executable_path/Frameworks",
				);
				MARKETING_VERSION = 1.0;
				PRODUCT_BUNDLE_IDENTIFIER = Novgorodcev.TestProject;
				PRODUCT_NAME = "$(TARGET_NAME)";
				SWIFT_EMIT_LOC_STRINGS = YES;
				SWIFT_VERSION = 5.0;
				TARGETED_DEVICE_FAMILY = "1,2";
			};
			name = Debug;
		};
		CE1C40472A4B352600DB9A47 /* Release */ = {
			isa = XCBuildConfiguration;
			buildSettings = {
				ASSETCATALOG_COMPILER_APPICON_NAME = AppIcon;
				ASSETCATALOG_COMPILER_GLOBAL_ACCENT_COLOR_NAME = AccentColor;
				CODE_SIGN_STYLE = Automatic;
				CURRENT_PROJECT_VERSION = 1;
				DEVELOPMENT_TEAM = 33CHCHT3CL;
				GENERATE_INFOPLIST_FILE = YES;
				INFOPLIST_FILE = TestProject/Info.plist;
				INFOPLIST_KEY_UIApplicationSupportsIndirectInputEvents = YES;
				INFOPLIST_KEY_UILaunchStoryboardName = LaunchScreen;
				INFOPLIST_KEY_UIMainStoryboardFile = Main;
				INFOPLIST_KEY_UISupportedInterfaceOrientations_iPad = "UIInterfaceOrientationPortrait UIInterfaceOrientationPortraitUpsideDown UIInterfaceOrientationLandscapeLeft UIInterfaceOrientationLandscapeRight";
				INFOPLIST_KEY_UISupportedInterfaceOrientations_iPhone = "UIInterfaceOrientationPortrait UIInterfaceOrientationLandscapeLeft UIInterfaceOrientationLandscapeRight";
				LD_RUNPATH_SEARCH_PATHS = (
					"$(inherited)",
					"@executable_path/Frameworks",
				);
				MARKETING_VERSION = 1.0;
				PRODUCT_BUNDLE_IDENTIFIER = Novgorodcev.TestProject;
				PRODUCT_NAME = "$(TARGET_NAME)";
				SWIFT_EMIT_LOC_STRINGS = YES;
				SWIFT_VERSION = 5.0;
				TARGETED_DEVICE_FAMILY = "1,2";
			};
			name = Release;
		};
/* End XCBuildConfiguration section */

/* Begin XCConfigurationList section */
		CE1C402C2A4B352400DB9A47 /* Build configuration list for PBXProject "TestProject" */ = {
			isa = XCConfigurationList;
			buildConfigurations = (
				CE1C40432A4B352600DB9A47 /* Debug */,
				CE1C40442A4B352600DB9A47 /* Release */,
			);
			defaultConfigurationIsVisible = 0;
			defaultConfigurationName = Release;
		};
		CE1C40452A4B352600DB9A47 /* Build configuration list for PBXNativeTarget "TestProject" */ = {
			isa = XCConfigurationList;
			buildConfigurations = (
				CE1C40462A4B352600DB9A47 /* Debug */,
				CE1C40472A4B352600DB9A47 /* Release */,
			);
			defaultConfigurationIsVisible = 0;
			defaultConfigurationName = Release;
		};
/* End XCConfigurationList section */
	};
	rootObject = CE1C40292A4B352400DB9A47 /* Project object */;
}
